
Microsoft Visual Studio Solution File, Format Version 12.00
# Visual Studio 15
VisualStudioVersion = 15.0.28010.2050
MinimumVisualStudioVersion = 10.0.40219.1
Project("{FAE04EC0-301F-11D3-BF4B-00C04F79EFBC}") = "Make Me Admin", "Make Me Admin\Make Me Admin.csproj", "{CC5950E4-E9EB-4FD8-94A1-C534154BBED7}"
EndProject
Global
	GlobalSection(SolutionConfigurationPlatforms) = preSolution
		Debug|Any CPU = Debug|Any CPU
		Release|Any CPU = Release|Any CPU
	EndGlobalSection
	GlobalSection(ProjectConfigurationPlatforms) = postSolution
		{CC5950E4-E9EB-4FD8-94A1-C534154BBED7}.Debug|Any CPU.ActiveCfg = Debug|Any CPU
		{CC5950E4-E9EB-4FD8-94A1-C534154BBED7}.Debug|Any CPU.Build.0 = Debug|Any CPU
		{CC5950E4-E9EB-4FD8-94A1-C534154BBED7}.Release|Any CPU.ActiveCfg = Release|Any CPU
		{CC5950E4-E9EB-4FD8-94A1-C534154BBED7}.Release|Any CPU.Build.0 = Release|Any CPU
	EndGlobalSection
	GlobalSection(SolutionProperties) = preSolution
		HideSolutionNode = FALSE
	EndGlobalSection
	GlobalSection(ExtensibilityGlobals) = postSolution
		SolutionGuid = {D57DDC2F-CAF1-4862-93F5-E54902ED7E95}
	EndGlobalSection
EndGlobal
